
Microsoft Visual Studio Solution File, Format Version 12.00
# Visual Studio Version 17
Project("{FAE04EC0-301F-11D3-BF4B-00C04F79EFBC}") = "Httm.XangDau.Api", "src\Httm.XangDau.Api\Httm.XangDau.Api.csproj", "{8F4A2C91-5E0B-4D3F-9A7C-1B2E4D6F8091}"
EndProject
Global
	GlobalSection(SolutionConfigurationPlatforms) = preSolution
		Debug|Any CPU = Debug|Any CPU
		Release|Any CPU = Release|Any CPU
	EndGlobalSection
	GlobalSection(ProjectConfigurationPlatforms) = postSolution
		{8F4A2C91-5E0B-4D3F-9A7C-1B2E4D6F8091}.Debug|Any CPU.ActiveCfg = Debug|Any CPU
		{8F4A2C91-5E0B-4D3F-9A7C-1B2E4D6F8091}.Debug|Any CPU.Build.0 = Debug|Any CPU
		{8F4A2C91-5E0B-4D3F-9A7C-1B2E4D6F8091}.Release|Any CPU.ActiveCfg = Release|Any CPU
		{8F4A2C91-5E0B-4D3F-9A7C-1B2E4D6F8091}.Release|Any CPU.Build.0 = Release|Any CPU
	EndGlobalSection
EndGlobal
