
Microsoft Visual Studio Solution File, Format Version 12.00
# Visual Studio Version 17
Project("{FAE04EC0-301F-11D3-BF4B-00C04F79EFBC}") = "Httm.XangDau.Api", "src\Httm.XangDau.Api\Httm.XangDau.Api.csproj", "{8F4A2C91-5E0B-4D3F-9A7C-1B2E4D6F8091}"
EndProject
Project("{2150E333-8FDC-42A3-9474-1A3956D46DE8}") = "tests", "tests", "{0AB3BF05-4346-4AA6-1389-037BE0695223}"
EndProject
Project("{FAE04EC0-301F-11D3-BF4B-00C04F79EFBC}") = "Httm.XangDau.Api.Tests", "tests\Httm.XangDau.Api.Tests\Httm.XangDau.Api.Tests.csproj", "{45F6DBBD-D427-47D1-93CD-B2CC0F33719F}"
EndProject
Project("{2150E333-8FDC-42A3-9474-1A3956D46DE8}") = "src", "src", "{827E0CD3-B72D-47B6-A68D-7590B98EB39B}"
EndProject
Global
	GlobalSection(SolutionConfigurationPlatforms) = preSolution
		Debug|Any CPU = Debug|Any CPU
		Debug|x64 = Debug|x64
		Debug|x86 = Debug|x86
		Release|Any CPU = Release|Any CPU
		Release|x64 = Release|x64
		Release|x86 = Release|x86
	EndGlobalSection
	GlobalSection(ProjectConfigurationPlatforms) = postSolution
		{8F4A2C91-5E0B-4D3F-9A7C-1B2E4D6F8091}.Debug|Any CPU.ActiveCfg = Debug|Any CPU
		{8F4A2C91-5E0B-4D3F-9A7C-1B2E4D6F8091}.Debug|Any CPU.Build.0 = Debug|Any CPU
		{8F4A2C91-5E0B-4D3F-9A7C-1B2E4D6F8091}.Debug|x64.ActiveCfg = Debug|Any CPU
		{8F4A2C91-5E0B-4D3F-9A7C-1B2E4D6F8091}.Debug|x64.Build.0 = Debug|Any CPU
		{8F4A2C91-5E0B-4D3F-9A7C-1B2E4D6F8091}.Debug|x86.ActiveCfg = Debug|Any CPU
		{8F4A2C91-5E0B-4D3F-9A7C-1B2E4D6F8091}.Debug|x86.Build.0 = Debug|Any CPU
		{8F4A2C91-5E0B-4D3F-9A7C-1B2E4D6F8091}.Release|Any CPU.ActiveCfg = Release|Any CPU
		{8F4A2C91-5E0B-4D3F-9A7C-1B2E4D6F8091}.Release|Any CPU.Build.0 = Release|Any CPU
		{8F4A2C91-5E0B-4D3F-9A7C-1B2E4D6F8091}.Release|x64.ActiveCfg = Release|Any CPU
		{8F4A2C91-5E0B-4D3F-9A7C-1B2E4D6F8091}.Release|x64.Build.0 = Release|Any CPU
		{8F4A2C91-5E0B-4D3F-9A7C-1B2E4D6F8091}.Release|x86.ActiveCfg = Release|Any CPU
		{8F4A2C91-5E0B-4D3F-9A7C-1B2E4D6F8091}.Release|x86.Build.0 = Release|Any CPU
		{45F6DBBD-D427-47D1-93CD-B2CC0F33719F}.Debug|Any CPU.ActiveCfg = Debug|Any CPU
		{45F6DBBD-D427-47D1-93CD-B2CC0F33719F}.Debug|Any CPU.Build.0 = Debug|Any CPU
		{45F6DBBD-D427-47D1-93CD-B2CC0F33719F}.Debug|x64.ActiveCfg = Debug|Any CPU
		{45F6DBBD-D427-47D1-93CD-B2CC0F33719F}.Debug|x64.Build.0 = Debug|Any CPU
		{45F6DBBD-D427-47D1-93CD-B2CC0F33719F}.Debug|x86.ActiveCfg = Debug|Any CPU
		{45F6DBBD-D427-47D1-93CD-B2CC0F33719F}.Debug|x86.Build.0 = Debug|Any CPU
		{45F6DBBD-D427-47D1-93CD-B2CC0F33719F}.Release|Any CPU.ActiveCfg = Release|Any CPU
		{45F6DBBD-D427-47D1-93CD-B2CC0F33719F}.Release|Any CPU.Build.0 = Release|Any CPU
		{45F6DBBD-D427-47D1-93CD-B2CC0F33719F}.Release|x64.ActiveCfg = Release|Any CPU
		{45F6DBBD-D427-47D1-93CD-B2CC0F33719F}.Release|x64.Build.0 = Release|Any CPU
		{45F6DBBD-D427-47D1-93CD-B2CC0F33719F}.Release|x86.ActiveCfg = Release|Any CPU
		{45F6DBBD-D427-47D1-93CD-B2CC0F33719F}.Release|x86.Build.0 = Release|Any CPU
	EndGlobalSection
	GlobalSection(SolutionProperties) = preSolution
		HideSolutionNode = FALSE
	EndGlobalSection
	GlobalSection(NestedProjects) = preSolution
		{45F6DBBD-D427-47D1-93CD-B2CC0F33719F} = {0AB3BF05-4346-4AA6-1389-037BE0695223}
	EndGlobalSection
EndGlobal
